<?xml version="1.0" encoding="utf-8"?>
<Project ToolsVersion="4.0" xmlns="http://schemas.microsoft.com/developer/msbuild/2003">
  <ItemGroup>
    <Filter Include="Quelldateien">
      <UniqueIdentifier>{4FC737F1-C7A5-4376-A066-2A32D752A2FF}</UniqueIdentifier>
      <Extensions>cpp;c;cc;cxx;def;odl;idl;hpj;bat;asm;asmx</Extensions>
    </Filter>
    <Filter Include="Headerdateien">
      <UniqueIdentifier>{93995380-89BD-4b04-88EB-625FBE52EBFB}</UniqueIdentifier>
      <Extensions>h;hh;hpp;hxx;hm;inl;inc;xsd</Extensions>
    </Filter>
    <Filter Include="Ressourcendateien">
      <UniqueIdentifier>{67DA6AB6-F800-4c08-8B7A-83BB121AAD01}</UniqueIdentifier>
      <Extensions>rc;ico;cur;bmp;dlg;rc2;rct;bin;rgs;gif;jpg;jpeg;jpe;resx;tiff;tif;png;wav;mfcribbon-ms</Extensions>
    </Filter>
  </ItemGroup>
  <ItemGroup>
    <ClCompile Include="main.cpp">
      <Filter>Quelldateien</Filter>
    </ClCompile>
    <ClCompile Include="game\Config.cpp">
      <Filter>Quelldateien</Filter>
    </ClCompile>
    <ClCompile Include="game\Content.cpp">
      <Filter>Quelldateien</Filter>
    </ClCompile>
    <ClCompile Include="game\Entity.cpp">
      <Filter>Quelldateien</Filter>
    </ClCompile>
    <ClCompile Include="game\EntityManager.cpp">
      <Filter>Quelldateien</Filter>
    </ClCompile>
    <ClCompile Include="game\Game.cpp">
      <Filter>Quelldateien</Filter>
    </ClCompile>
    <ClCompile Include="game\GameLoop.cpp">
      <Filter>Quelldateien</Filter>
    </ClCompile>
    <ClCompile Include="game\GameTime.cpp">
      <Filter>Quelldateien</Filter>
    </ClCompile>
    <ClCompile Include="game\Input.cpp">
      <Filter>Quelldateien</Filter>
    </ClCompile>
    <ClCompile Include="game\Level.cpp">
      <Filter>Quelldateien</Filter>
    </ClCompile>
    <ClCompile Include="game\Logger.cpp">
      <Filter>Quelldateien</Filter>
    </ClCompile>
    <ClCompile Include="game\Npc.cpp">
      <Filter>Quelldateien</Filter>
    </ClCompile>
    <ClCompile Include="game\Player.cpp">
      <Filter>Quelldateien</Filter>
    </ClCompile>
    <ClCompile Include="game\Renderer.cpp">
      <Filter>Quelldateien</Filter>
    </ClCompile>
    <ClCompile Include="game\UiElement.cpp">
      <Filter>Quelldateien</Filter>
    </ClCompile>
    <ClCompile Include="game\Utils.cpp">
      <Filter>Quelldateien</Filter>
    </ClCompile>
    <ClCompile Include="game\ScriptManager.cpp">
      <Filter>Quelldateien</Filter>
    </ClCompile>
    <ClCompile Include="game\scripts\example.cpp">
      <Filter>Quelldateien</Filter>
    </ClCompile>
  </ItemGroup>
  <ItemGroup>
    <ClInclude Include="h\resource.h">
      <Filter>Headerdateien</Filter>
    </ClInclude>
    <ClInclude Include="resource.h">
      <Filter>Headerdateien</Filter>
    </ClInclude>
    <ClInclude Include="game\Actions.h">
      <Filter>Headerdateien</Filter>
    </ClInclude>
    <ClInclude Include="game\Config.h">
      <Filter>Headerdateien</Filter>
    </ClInclude>
    <ClInclude Include="game\Content.h">
      <Filter>Headerdateien</Filter>
    </ClInclude>
    <ClInclude Include="game\ContentFileTypes.h">
      <Filter>Headerdateien</Filter>
    </ClInclude>
    <ClInclude Include="game\Dictionary.h">
      <Filter>Headerdateien</Filter>
    </ClInclude>
    <ClInclude Include="game\Entity.h">
      <Filter>Headerdateien</Filter>
    </ClInclude>
    <ClInclude Include="game\EntityManager.h">
      <Filter>Headerdateien</Filter>
    </ClInclude>
    <ClInclude Include="game\Game.h">
      <Filter>Headerdateien</Filter>
    </ClInclude>
    <ClInclude Include="game\GameLoop.h">
      <Filter>Headerdateien</Filter>
    </ClInclude>
    <ClInclude Include="game\GameTime.h">
      <Filter>Headerdateien</Filter>
    </ClInclude>
    <ClInclude Include="game\Input.h">
      <Filter>Headerdateien</Filter>
    </ClInclude>
    <ClInclude Include="game\ItemTypes.h">
      <Filter>Headerdateien</Filter>
    </ClInclude>
    <ClInclude Include="game\Keys.h">
      <Filter>Headerdateien</Filter>
    </ClInclude>
    <ClInclude Include="game\Level.h">
      <Filter>Headerdateien</Filter>
    </ClInclude>
    <ClInclude Include="game\List.h">
      <Filter>Headerdateien</Filter>
    </ClInclude>
    <ClInclude Include="game\Logger.h">
      <Filter>Headerdateien</Filter>
    </ClInclude>
    <ClInclude Include="game\Npc.h">
      <Filter>Headerdateien</Filter>
    </ClInclude>
    <ClInclude Include="game\Player.h">
      <Filter>Headerdateien</Filter>
    </ClInclude>
    <ClInclude Include="game\Renderer.h">
      <Filter>Headerdateien</Filter>
    </ClInclude>
    <ClInclude Include="game\ScriptManager.h">
      <Filter>Headerdateien</Filter>
    </ClInclude>
    <ClInclude Include="game\UiElement.h">
      <Filter>Headerdateien</Filter>
    </ClInclude>
    <ClInclude Include="game\Utils.h">
      <Filter>Headerdateien</Filter>
    </ClInclude>
  </ItemGroup>
  <ItemGroup>
    <None Include="config\game.ini" />
  </ItemGroup>
  <ItemGroup>
    <Image Include="sword.ico">
      <Filter>Ressourcendateien</Filter>
    </Image>
  </ItemGroup>
  <ItemGroup>
    <ResourceCompile Include="Resource.rc">
      <Filter>Ressourcendateien</Filter>
    </ResourceCompile>
  </ItemGroup>
</Project>