<?xml version="1.0" encoding="utf-8"?>
<Project ToolsVersion="4.0" xmlns="http://schemas.microsoft.com/developer/msbuild/2003">
  <ItemGroup>
    <Filter Include="Quelldateien">
      <UniqueIdentifier>{4FC737F1-C7A5-4376-A066-2A32D752A2FF}</UniqueIdentifier>
      <Extensions>cpp;c;cc;cxx;def;odl;idl;hpj;bat;asm;asmx</Extensions>
    </Filter>
    <Filter Include="Headerdateien">
      <UniqueIdentifier>{93995380-89BD-4b04-88EB-625FBE52EBFB}</UniqueIdentifier>
      <Extensions>h;hh;hpp;hxx;hm;inl;inc;xsd</Extensions>
    </Filter>
    <Filter Include="Ressourcendateien">
      <UniqueIdentifier>{67DA6AB6-F800-4c08-8B7A-83BB121AAD01}</UniqueIdentifier>
      <Extensions>rc;ico;cur;bmp;dlg;rc2;rct;bin;rgs;gif;jpg;jpeg;jpe;resx;tiff;tif;png;wav;mfcribbon-ms</Extensions>
    </Filter>
  </ItemGroup>
  <ItemGroup>
    <ClCompile Include="main.cpp">
      <Filter>Quelldateien</Filter>
    </ClCompile>
    <ClCompile Include="Level.cpp">
      <Filter>Quelldateien</Filter>
    </ClCompile>
    <ClCompile Include="Renderer.cpp">
      <Filter>Quelldateien</Filter>
    </ClCompile>
    <ClCompile Include="Entity.cpp">
      <Filter>Quelldateien</Filter>
    </ClCompile>
    <ClCompile Include="Player.cpp">
      <Filter>Quelldateien</Filter>
    </ClCompile>
    <ClCompile Include="GameLoop.cpp">
      <Filter>Quelldateien</Filter>
    </ClCompile>
    <ClCompile Include="Game.cpp">
      <Filter>Quelldateien</Filter>
    </ClCompile>
    <ClCompile Include="GameTime.cpp">
      <Filter>Quelldateien</Filter>
    </ClCompile>
    <ClCompile Include="Logger.cpp">
      <Filter>Quelldateien</Filter>
    </ClCompile>
    <ClCompile Include="Config.cpp">
      <Filter>Quelldateien</Filter>
    </ClCompile>
    <ClCompile Include="Utils.cpp">
      <Filter>Quelldateien</Filter>
    </ClCompile>
    <ClCompile Include="Input.cpp">
      <Filter>Quelldateien</Filter>
    </ClCompile>
    <ClCompile Include="Content.cpp">
      <Filter>Quelldateien</Filter>
    </ClCompile>
    <ClCompile Include="UiElement.cpp">
      <Filter>Quelldateien</Filter>
    </ClCompile>
    <ClCompile Include="Npc.cpp">
      <Filter>Quelldateien</Filter>
    </ClCompile>
    <ClCompile Include="ScriptManager.cpp">
      <Filter>Quelldateien</Filter>
    </ClCompile>
    <ClCompile Include="EntityManager.cpp">
      <Filter>Quelldateien</Filter>
    </ClCompile>
    <ClCompile Include="scripts\example.cpp">
      <Filter>Quelldateien</Filter>
    </ClCompile>
  </ItemGroup>
  <ItemGroup>
    <ClInclude Include="h\Config.h">
      <Filter>Headerdateien</Filter>
    </ClInclude>
    <ClInclude Include="h\Entity.h">
      <Filter>Headerdateien</Filter>
    </ClInclude>
    <ClInclude Include="h\Game.h">
      <Filter>Headerdateien</Filter>
    </ClInclude>
    <ClInclude Include="h\GameLoop.h">
      <Filter>Headerdateien</Filter>
    </ClInclude>
    <ClInclude Include="h\GameTime.h">
      <Filter>Headerdateien</Filter>
    </ClInclude>
    <ClInclude Include="h\Level.h">
      <Filter>Headerdateien</Filter>
    </ClInclude>
    <ClInclude Include="h\Logger.h">
      <Filter>Headerdateien</Filter>
    </ClInclude>
    <ClInclude Include="h\Player.h">
      <Filter>Headerdateien</Filter>
    </ClInclude>
    <ClInclude Include="h\Renderer.h">
      <Filter>Headerdateien</Filter>
    </ClInclude>
    <ClInclude Include="h\Utils.h">
      <Filter>Headerdateien</Filter>
    </ClInclude>
    <ClInclude Include="h\Dictionary.h">
      <Filter>Headerdateien</Filter>
    </ClInclude>
    <ClInclude Include="h\List.h">
      <Filter>Headerdateien</Filter>
    </ClInclude>
    <ClInclude Include="h\Input.h">
      <Filter>Headerdateien</Filter>
    </ClInclude>
    <ClInclude Include="h\Keys.h">
      <Filter>Headerdateien</Filter>
    </ClInclude>
    <ClInclude Include="h\Actions.h">
      <Filter>Headerdateien</Filter>
    </ClInclude>
    <ClInclude Include="h\Content.h">
      <Filter>Headerdateien</Filter>
    </ClInclude>
    <ClInclude Include="h\Npc.h">
      <Filter>Headerdateien</Filter>
    </ClInclude>
    <ClInclude Include="h\EntityManager.h">
      <Filter>Headerdateien</Filter>
    </ClInclude>
    <ClInclude Include="h\resource.h">
      <Filter>Headerdateien</Filter>
    </ClInclude>
    <ClInclude Include="h\ScriptManager.h">
      <Filter>Headerdateien</Filter>
    </ClInclude>
    <ClInclude Include="h\UiElement.h">
      <Filter>Headerdateien</Filter>
    </ClInclude>
    <ClInclude Include="h\ItemTypes.h">
      <Filter>Headerdateien</Filter>
    </ClInclude>
    <ClInclude Include="h\ContentFileTypes.h">
      <Filter>Headerdateien</Filter>
    </ClInclude>
  </ItemGroup>
  <ItemGroup>
    <None Include="config\game.ini" />
  </ItemGroup>
  <ItemGroup>
    <Image Include="sword.ico">
      <Filter>Ressourcendateien</Filter>
    </Image>
  </ItemGroup>
  <ItemGroup>
    <ResourceCompile Include="Resource.rc">
      <Filter>Ressourcendateien</Filter>
    </ResourceCompile>
  </ItemGroup>
</Project>